// !$*UTF8*$!
{
	archiveVersion = 1;
	classes = {
	};
	objectVersion = 56;
	objects = {

/* Begin PBXBuildFile section */
		EDA659C32C84B62400EFFEDC /* BEApp.swift in Sources */ = {isa = PBXBuildFile; fileRef = EDA659C22C84B62400EFFEDC /* BEApp.swift */; };
		EDA659C52C84B62400EFFEDC /* ContentView.swift in Sources */ = {isa = PBXBuildFile; fileRef = EDA659C42C84B62400EFFEDC /* ContentView.swift */; };
		EDA659C72C84B62500EFFEDC /* Assets.xcassets in Resources */ = {isa = PBXBuildFile; fileRef = EDA659C62C84B62500EFFEDC /* Assets.xcassets */; };
		EDA659CA2C84B62500EFFEDC /* Preview Assets.xcassets in Resources */ = {isa = PBXBuildFile; fileRef = EDA659C92C84B62500EFFEDC /* Preview Assets.xcassets */; };
		EDA659D42C84B62500EFFEDC /* BETests.swift in Sources */ = {isa = PBXBuildFile; fileRef = EDA659D32C84B62500EFFEDC /* BETests.swift */; };
		EDA659DE2C84B62500EFFEDC /* BEUITests.swift in Sources */ = {isa = PBXBuildFile; fileRef = EDA659DD2C84B62500EFFEDC /* BEUITests.swift */; };
		EDA659E02C84B62500EFFEDC /* BEUITestsLaunchTests.swift in Sources */ = {isa = PBXBuildFile; fileRef = EDA659DF2C84B62500EFFEDC /* BEUITestsLaunchTests.swift */; };
/* End PBXBuildFile section */

/* Begin PBXContainerItemProxy section */
		EDA659D02C84B62500EFFEDC /* PBXContainerItemProxy */ = {
			isa = PBXContainerItemProxy;
			containerPortal = EDA659B72C84B62400EFFEDC /* Project object */;
			proxyType = 1;
			remoteGlobalIDString = EDA659BE2C84B62400EFFEDC;
			remoteInfo = BE;
		};
		EDA659DA2C84B62500EFFEDC /* PBXContainerItemProxy */ = {
			isa = PBXContainerItemProxy;
			containerPortal = EDA659B72C84B62400EFFEDC /* Project object */;
			proxyType = 1;
			remoteGlobalIDString = EDA659BE2C84B62400EFFEDC;
			remoteInfo = BE;
		};
/* End PBXContainerItemProxy section */

/* Begin PBXFileReference section */
		EDA659BF2C84B62400EFFEDC /* BE.app */ = {isa = PBXFileReference; explicitFileType = wrapper.application; includeInIndex = 0; path = BE.app; sourceTree = BUILT_PRODUCTS_DIR; };
		EDA659C22C84B62400EFFEDC /* BEApp.swift */ = {isa = PBXFileReference; lastKnownFileType = sourcecode.swift; path = BEApp.swift; sourceTree = "<group>"; };
		EDA659C42C84B62400EFFEDC /* ContentView.swift */ = {isa = PBXFileReference; lastKnownFileType = sourcecode.swift; path = ContentView.swift; sourceTree = "<group>"; };
		EDA659C62C84B62500EFFEDC /* Assets.xcassets */ = {isa = PBXFileReference; lastKnownFileType = folder.assetcatalog; path = Assets.xcassets; sourceTree = "<group>"; };
		EDA659C92C84B62500EFFEDC /* Preview Assets.xcassets */ = {isa = PBXFileReference; lastKnownFileType = folder.assetcatalog; path = "Preview Assets.xcassets"; sourceTree = "<group>"; };
		EDA659CF2C84B62500EFFEDC /* BETests.xctest */ = {isa = PBXFileReference; explicitFileType = wrapper.cfbundle; includeInIndex = 0; path = BETests.xctest; sourceTree = BUILT_PRODUCTS_DIR; };
		EDA659D32C84B62500EFFEDC /* BETests.swift */ = {isa = PBXFileReference; lastKnownFileType = sourcecode.swift; path = BETests.swift; sourceTree = "<group>"; };
		EDA659D92C84B62500EFFEDC /* BEUITests.xctest */ = {isa = PBXFileReference; explicitFileType = wrapper.cfbundle; includeInIndex = 0; path = BEUITests.xctest; sourceTree = BUILT_PRODUCTS_DIR; };
		EDA659DD2C84B62500EFFEDC /* BEUITests.swift */ = {isa = PBXFileReference; lastKnownFileType = sourcecode.swift; path = BEUITests.swift; sourceTree = "<group>"; };
		EDA659DF2C84B62500EFFEDC /* BEUITestsLaunchTests.swift */ = {isa = PBXFileReference; lastKnownFileType = sourcecode.swift; path = BEUITestsLaunchTests.swift; sourceTree = "<group>"; };
/* End PBXFileReference section */

/* Begin PBXFrameworksBuildPhase section */
		EDA659BC2C84B62400EFFEDC /* Frameworks */ = {
			isa = PBXFrameworksBuildPhase;
			buildActionMask = 2147483647;
			files = (
			);
			runOnlyForDeploymentPostprocessing = 0;
		};
		EDA659CC2C84B62500EFFEDC /* Frameworks */ = {
			isa = PBXFrameworksBuildPhase;
			buildActionMask = 2147483647;
			files = (
			);
			runOnlyForDeploymentPostprocessing = 0;
		};
		EDA659D62C84B62500EFFEDC /* Frameworks */ = {
			isa = PBXFrameworksBuildPhase;
			buildActionMask = 2147483647;
			files = (
			);
			runOnlyForDeploymentPostprocessing = 0;
		};
/* End PBXFrameworksBuildPhase section */

/* Begin PBXGroup section */
		EDA659B62C84B62400EFFEDC = {
			isa = PBXGroup;
			children = (
				EDA659C12C84B62400EFFEDC /* BE */,
				EDA659D22C84B62500EFFEDC /* BETests */,
				EDA659DC2C84B62500EFFEDC /* BEUITests */,
				EDA659C02C84B62400EFFEDC /* Products */,
			);
			sourceTree = "<group>";
		};
		EDA659C02C84B62400EFFEDC /* Products */ = {
			isa = PBXGroup;
			children = (
				EDA659BF2C84B62400EFFEDC /* BE.app */,
				EDA659CF2C84B62500EFFEDC /* BETests.xctest */,
				EDA659D92C84B62500EFFEDC /* BEUITests.xctest */,
			);
			name = Products;
			sourceTree = "<group>";
		};
		EDA659C12C84B62400EFFEDC /* BE */ = {
			isa = PBXGroup;
			children = (
				EDA659C22C84B62400EFFEDC /* BEApp.swift */,
				EDA659C42C84B62400EFFEDC /* ContentView.swift */,
				EDA659C62C84B62500EFFEDC /* Assets.xcassets */,
				EDA659C82C84B62500EFFEDC /* Preview Content */,
			);
			path = BE;
			sourceTree = "<group>";
		};
		EDA659C82C84B62500EFFEDC /* Preview Content */ = {
			isa = PBXGroup;
			children = (
				EDA659C92C84B62500EFFEDC /* Preview Assets.xcassets */,
			);
			path = "Preview Content";
			sourceTree = "<group>";
		};
		EDA659D22C84B62500EFFEDC /* BETests */ = {
			isa = PBXGroup;
			children = (
				EDA659D32C84B62500EFFEDC /* BETests.swift */,
			);
			path = BETests;
			sourceTree = "<group>";
		};
		EDA659DC2C84B62500EFFEDC /* BEUITests */ = {
			isa = PBXGroup;
			children = (
				EDA659DD2C84B62500EFFEDC /* BEUITests.swift */,
				EDA659DF2C84B62500EFFEDC /* BEUITestsLaunchTests.swift */,
			);
			path = BEUITests;
			sourceTree = "<group>";
		};
/* End PBXGroup section */

/* Begin PBXNativeTarget section */
		EDA659BE2C84B62400EFFEDC /* BE */ = {
			isa = PBXNativeTarget;
			buildConfigurationList = EDA659E32C84B62500EFFEDC /* Build configuration list for PBXNativeTarget "BE" */;
			buildPhases = (
				EDA659BB2C84B62400EFFEDC /* Sources */,
				EDA659BC2C84B62400EFFEDC /* Frameworks */,
				EDA659BD2C84B62400EFFEDC /* Resources */,
			);
			buildRules = (
			);
			dependencies = (
			);
			name = BE;
			productName = BE;
			productReference = EDA659BF2C84B62400EFFEDC /* BE.app */;
			productType = "com.apple.product-type.application";
		};
		EDA659CE2C84B62500EFFEDC /* BETests */ = {
			isa = PBXNativeTarget;
			buildConfigurationList = EDA659E62C84B62500EFFEDC /* Build configuration list for PBXNativeTarget "BETests" */;
			buildPhases = (
				EDA659CB2C84B62500EFFEDC /* Sources */,
				EDA659CC2C84B62500EFFEDC /* Frameworks */,
				EDA659CD2C84B62500EFFEDC /* Resources */,
			);
			buildRules = (
			);
			dependencies = (
				EDA659D12C84B62500EFFEDC /* PBXTargetDependency */,
			);
			name = BETests;
			productName = BETests;
			productReference = EDA659CF2C84B62500EFFEDC /* BETests.xctest */;
			productType = "com.apple.product-type.bundle.unit-test";
		};
		EDA659D82C84B62500EFFEDC /* BEUITests */ = {
			isa = PBXNativeTarget;
			buildConfigurationList = EDA659E92C84B62500EFFEDC /* Build configuration list for PBXNativeTarget "BEUITests" */;
			buildPhases = (
				EDA659D52C84B62500EFFEDC /* Sources */,
				EDA659D62C84B62500EFFEDC /* Frameworks */,
				EDA659D72C84B62500EFFEDC /* Resources */,
			);
			buildRules = (
			);
			dependencies = (
				EDA659DB2C84B62500EFFEDC /* PBXTargetDependency */,
			);
			name = BEUITests;
			productName = BEUITests;
			productReference = EDA659D92C84B62500EFFEDC /* BEUITests.xctest */;
			productType = "com.apple.product-type.bundle.ui-testing";
		};
/* End PBXNativeTarget section */

/* Begin PBXProject section */
		EDA659B72C84B62400EFFEDC /* Project object */ = {
			isa = PBXProject;
			attributes = {
				BuildIndependentTargetsInParallel = 1;
				LastSwiftUpdateCheck = 1530;
				LastUpgradeCheck = 1530;
				TargetAttributes = {
					EDA659BE2C84B62400EFFEDC = {
						CreatedOnToolsVersion = 15.3;
					};
					EDA659CE2C84B62500EFFEDC = {
						CreatedOnToolsVersion = 15.3;
						TestTargetID = EDA659BE2C84B62400EFFEDC;
					};
					EDA659D82C84B62500EFFEDC = {
						CreatedOnToolsVersion = 15.3;
						TestTargetID = EDA659BE2C84B62400EFFEDC;
					};
				};
			};
			buildConfigurationList = EDA659BA2C84B62400EFFEDC /* Build configuration list for PBXProject "BE" */;
			compatibilityVersion = "Xcode 14.0";
			developmentRegion = en;
			hasScannedForEncodings = 0;
			knownRegions = (
				en,
				Base,
			);
			mainGroup = EDA659B62C84B62400EFFEDC;
			productRefGroup = EDA659C02C84B62400EFFEDC /* Products */;
			projectDirPath = "";
			projectRoot = "";
			targets = (
				EDA659BE2C84B62400EFFEDC /* BE */,
				EDA659CE2C84B62500EFFEDC /* BETests */,
				EDA659D82C84B62500EFFEDC /* BEUITests */,
			);
		};
/* End PBXProject section */

/* Begin PBXResourcesBuildPhase section */
		EDA659BD2C84B62400EFFEDC /* Resources */ = {
			isa = PBXResourcesBuildPhase;
			buildActionMask = 2147483647;
			files = (
				EDA659CA2C84B62500EFFEDC /* Preview Assets.xcassets in Resources */,
				EDA659C72C84B62500EFFEDC /* Assets.xcassets in Resources */,
			);
			runOnlyForDeploymentPostprocessing = 0;
		};
		EDA659CD2C84B62500EFFEDC /* Resources */ = {
			isa = PBXResourcesBuildPhase;
			buildActionMask = 2147483647;
			files = (
			);
			runOnlyForDeploymentPostprocessing = 0;
		};
		EDA659D72C84B62500EFFEDC /* Resources */ = {
			isa = PBXResourcesBuildPhase;
			buildActionMask = 2147483647;
			files = (
			);
			runOnlyForDeploymentPostprocessing = 0;
		};
/* End PBXResourcesBuildPhase section */

/* Begin PBXSourcesBuildPhase section */
		EDA659BB2C84B62400EFFEDC /* Sources */ = {
			isa = PBXSourcesBuildPhase;
			buildActionMask = 2147483647;
			files = (
				EDA659C52C84B62400EFFEDC /* ContentView.swift in Sources */,
				EDA659C32C84B62400EFFEDC /* BEApp.swift in Sources */,
			);
			runOnlyForDeploymentPostprocessing = 0;
		};
		EDA659CB2C84B62500EFFEDC /* Sources */ = {
			isa = PBXSourcesBuildPhase;
			buildActionMask = 2147483647;
			files = (
				EDA659D42C84B62500EFFEDC /* BETests.swift in Sources */,
			);
			runOnlyForDeploymentPostprocessing = 0;
		};
		EDA659D52C84B62500EFFEDC /* Sources */ = {
			isa = PBXSourcesBuildPhase;
			buildActionMask = 2147483647;
			files = (
				EDA659DE2C84B62500EFFEDC /* BEUITests.swift in Sources */,
				EDA659E02C84B62500EFFEDC /* BEUITestsLaunchTests.swift in Sources */,
			);
			runOnlyForDeploymentPostprocessing = 0;
		};
/* End PBXSourcesBuildPhase section */

/* Begin PBXTargetDependency section */
		EDA659D12C84B62500EFFEDC /* PBXTargetDependency */ = {
			isa = PBXTargetDependency;
			target = EDA659BE2C84B62400EFFEDC /* BE */;
			targetProxy = EDA659D02C84B62500EFFEDC /* PBXContainerItemProxy */;
		};
		EDA659DB2C84B62500EFFEDC /* PBXTargetDependency */ = {
			isa = PBXTargetDependency;
			target = EDA659BE2C84B62400EFFEDC /* BE */;
			targetProxy = EDA659DA2C84B62500EFFEDC /* PBXContainerItemProxy */;
		};
/* End PBXTargetDependency section */

/* Begin XCBuildConfiguration section */
		EDA659E12C84B62500EFFEDC /* Debug */ = {
			isa = XCBuildConfiguration;
			buildSettings = {
				ALWAYS_SEARCH_USER_PATHS = NO;
				ASSETCATALOG_COMPILER_GENERATE_SWIFT_ASSET_SYMBOL_EXTENSIONS = YES;
				CLANG_ANALYZER_NONNULL = YES;
				CLANG_ANALYZER_NUMBER_OBJECT_CONVERSION = YES_AGGRESSIVE;
				CLANG_CXX_LANGUAGE_STANDARD = "gnu++20";
				CLANG_ENABLE_MODULES = YES;
				CLANG_ENABLE_OBJC_ARC = YES;
				CLANG_ENABLE_OBJC_WEAK = YES;
				CLANG_WARN_BLOCK_CAPTURE_AUTORELEASING = YES;
				CLANG_WARN_BOOL_CONVERSION = YES;
				CLANG_WARN_COMMA = YES;
				CLANG_WARN_CONSTANT_CONVERSION = YES;
				CLANG_WARN_DEPRECATED_OBJC_IMPLEMENTATIONS = YES;
				CLANG_WARN_DIRECT_OBJC_ISA_USAGE = YES_ERROR;
				CLANG_WARN_DOCUMENTATION_COMMENTS = YES;
				CLANG_WARN_EMPTY_BODY = YES;
				CLANG_WARN_ENUM_CONVERSION = YES;
				CLANG_WARN_INFINITE_RECURSION = YES;
				CLANG_WARN_INT_CONVERSION = YES;
				CLANG_WARN_NON_LITERAL_NULL_CONVERSION = YES;
				CLANG_WARN_OBJC_IMPLICIT_RETAIN_SELF = YES;
				CLANG_WARN_OBJC_LITERAL_CONVERSION = YES;
				CLANG_WARN_OBJC_ROOT_CLASS = YES_ERROR;
				CLANG_WARN_QUOTED_INCLUDE_IN_FRAMEWORK_HEADER = YES;
				CLANG_WARN_RANGE_LOOP_ANALYSIS = YES;
				CLANG_WARN_STRICT_PROTOTYPES = YES;
				CLANG_WARN_SUSPICIOUS_MOVE = YES;
				CLANG_WARN_UNGUARDED_AVAILABILITY = YES_AGGRESSIVE;
				CLANG_WARN_UNREACHABLE_CODE = YES;
				CLANG_WARN__DUPLICATE_METHOD_MATCH = YES;
				COPY_PHASE_STRIP = NO;
				DEBUG_INFORMATION_FORMAT = dwarf;
				ENABLE_STRICT_OBJC_MSGSEND = YES;
				ENABLE_TESTABILITY = YES;
				ENABLE_USER_SCRIPT_SANDBOXING = YES;
				GCC_C_LANGUAGE_STANDARD = gnu17;
				GCC_DYNAMIC_NO_PIC = NO;
				GCC_NO_COMMON_BLOCKS = YES;
				GCC_OPTIMIZATION_LEVEL = 0;
				GCC_PREPROCESSOR_DEFINITIONS = (
					"DEBUG=1",
					"$(inherited)",
				);
				GCC_WARN_64_TO_32_BIT_CONVERSION = YES;
				GCC_WARN_ABOUT_RETURN_TYPE = YES_ERROR;
				GCC_WARN_UNDECLARED_SELECTOR = YES;
				GCC_WARN_UNINITIALIZED_AUTOS = YES_AGGRESSIVE;
				GCC_WARN_UNUSED_FUNCTION = YES;
				GCC_WARN_UNUSED_VARIABLE = YES;
				IPHONEOS_DEPLOYMENT_TARGET = 17.4;
				LOCALIZATION_PREFERS_STRING_CATALOGS = YES;
				MTL_ENABLE_DEBUG_INFO = INCLUDE_SOURCE;
				MTL_FAST_MATH = YES;
				ONLY_ACTIVE_ARCH = YES;
				SDKROOT = iphoneos;
				SWIFT_ACTIVE_COMPILATION_CONDITIONS = "DEBUG $(inherited)";
				SWIFT_OPTIMIZATION_LEVEL = "-Onone";
			};
			name = Debug;
		};
		EDA659E22C84B62500EFFEDC /* Release */ = {
			isa = XCBuildConfiguration;
			buildSettings = {
				ALWAYS_SEARCH_USER_PATHS = NO;
				ASSETCATALOG_COMPILER_GENERATE_SWIFT_ASSET_SYMBOL_EXTENSIONS = YES;
				CLANG_ANALYZER_NONNULL = YES;
				CLANG_ANALYZER_NUMBER_OBJECT_CONVERSION = YES_AGGRESSIVE;
				CLANG_CXX_LANGUAGE_STANDARD = "gnu++20";
				CLANG_ENABLE_MODULES = YES;
				CLANG_ENABLE_OBJC_ARC = YES;
				CLANG_ENABLE_OBJC_WEAK = YES;
				CLANG_WARN_BLOCK_CAPTURE_AUTORELEASING = YES;
				CLANG_WARN_BOOL_CONVERSION = YES;
				CLANG_WARN_COMMA = YES;
				CLANG_WARN_CONSTANT_CONVERSION = YES;
				CLANG_WARN_DEPRECATED_OBJC_IMPLEMENTATIONS = YES;
				CLANG_WARN_DIRECT_OBJC_ISA_USAGE = YES_ERROR;
				CLANG_WARN_DOCUMENTATION_COMMENTS = YES;
				CLANG_WARN_EMPTY_BODY = YES;
				CLANG_WARN_ENUM_CONVERSION = YES;
				CLANG_WARN_INFINITE_RECURSION = YES;
				CLANG_WARN_INT_CONVERSION = YES;
				CLANG_WARN_NON_LITERAL_NULL_CONVERSION = YES;
				CLANG_WARN_OBJC_IMPLICIT_RETAIN_SELF = YES;
				CLANG_WARN_OBJC_LITERAL_CONVERSION = YES;
				CLANG_WARN_OBJC_ROOT_CLASS = YES_ERROR;
				CLANG_WARN_QUOTED_INCLUDE_IN_FRAMEWORK_HEADER = YES;
				CLANG_WARN_RANGE_LOOP_ANALYSIS = YES;
				CLANG_WARN_STRICT_PROTOTYPES = YES;
				CLANG_WARN_SUSPICIOUS_MOVE = YES;
				CLANG_WARN_UNGUARDED_AVAILABILITY = YES_AGGRESSIVE;
				CLANG_WARN_UNREACHABLE_CODE = YES;
				CLANG_WARN__DUPLICATE_METHOD_MATCH = YES;
				COPY_PHASE_STRIP = NO;
				DEBUG_INFORMATION_FORMAT = "dwarf-with-dsym";
				ENABLE_NS_ASSERTIONS = NO;
				ENABLE_STRICT_OBJC_MSGSEND = YES;
				ENABLE_USER_SCRIPT_SANDBOXING = YES;
				GCC_C_LANGUAGE_STANDARD = gnu17;
				GCC_NO_COMMON_BLOCKS = YES;
				GCC_WARN_64_TO_32_BIT_CONVERSION = YES;
				GCC_WARN_ABOUT_RETURN_TYPE = YES_ERROR;
				GCC_WARN_UNDECLARED_SELECTOR = YES;
				GCC_WARN_UNINITIALIZED_AUTOS = YES_AGGRESSIVE;
				GCC_WARN_UNUSED_FUNCTION = YES;
				GCC_WARN_UNUSED_VARIABLE = YES;
				IPHONEOS_DEPLOYMENT_TARGET = 17.4;
				LOCALIZATION_PREFERS_STRING_CATALOGS = YES;
				MTL_ENABLE_DEBUG_INFO = NO;
				MTL_FAST_MATH = YES;
				SDKROOT = iphoneos;
				SWIFT_COMPILATION_MODE = wholemodule;
				VALIDATE_PRODUCT = YES;
			};
			name = Release;
		};
		EDA659E42C84B62500EFFEDC /* Debug */ = {
			isa = XCBuildConfiguration;
			buildSettings = {
				ASSETCATALOG_COMPILER_APPICON_NAME = AppIcon;
				ASSETCATALOG_COMPILER_GLOBAL_ACCENT_COLOR_NAME = AccentColor;
				CODE_SIGN_STYLE = Automatic;
				CURRENT_PROJECT_VERSION = 1;
				DEVELOPMENT_ASSET_PATHS = "\"BE/Preview Content\"";
				ENABLE_PREVIEWS = YES;
				GENERATE_INFOPLIST_FILE = YES;
				INFOPLIST_KEY_UIApplicationSceneManifest_Generation = YES;
				INFOPLIST_KEY_UIApplicationSupportsIndirectInputEvents = YES;
				INFOPLIST_KEY_UILaunchScreen_Generation = YES;
				INFOPLIST_KEY_UISupportedInterfaceOrientations_iPad = "UIInterfaceOrientationPortrait UIInterfaceOrientationPortraitUpsideDown UIInterfaceOrientationLandscapeLeft UIInterfaceOrientationLandscapeRight";
				INFOPLIST_KEY_UISupportedInterfaceOrientations_iPhone = "UIInterfaceOrientationPortrait UIInterfaceOrientationLandscapeLeft UIInterfaceOrientationLandscapeRight";
				LD_RUNPATH_SEARCH_PATHS = (
					"$(inherited)",
					"@executable_path/Frameworks",
				);
				MARKETING_VERSION = 1.0;
				PRODUCT_BUNDLE_IDENTIFIER = salad.BE;
				PRODUCT_NAME = "$(TARGET_NAME)";
				SWIFT_EMIT_LOC_STRINGS = YES;
				SWIFT_VERSION = 5.0;
				TARGETED_DEVICE_FAMILY = "1,2";
			};
			name = Debug;
		};
		EDA659E52C84B62500EFFEDC /* Release */ = {
			isa = XCBuildConfiguration;
			buildSettings = {
				ASSETCATALOG_COMPILER_APPICON_NAME = AppIcon;
				ASSETCATALOG_COMPILER_GLOBAL_ACCENT_COLOR_NAME = AccentColor;
				CODE_SIGN_STYLE = Automatic;
				CURRENT_PROJECT_VERSION = 1;
				DEVELOPMENT_ASSET_PATHS = "\"BE/Preview Content\"";
				ENABLE_PREVIEWS = YES;
				GENERATE_INFOPLIST_FILE = YES;
				INFOPLIST_KEY_UIApplicationSceneManifest_Generation = YES;
				INFOPLIST_KEY_UIApplicationSupportsIndirectInputEvents = YES;
				INFOPLIST_KEY_UILaunchScreen_Generation = YES;
				INFOPLIST_KEY_UISupportedInterfaceOrientations_iPad = "UIInterfaceOrientationPortrait UIInterfaceOrientationPortraitUpsideDown UIInterfaceOrientationLandscapeLeft UIInterfaceOrientationLandscapeRight";
				INFOPLIST_KEY_UISupportedInterfaceOrientations_iPhone = "UIInterfaceOrientationPortrait UIInterfaceOrientationLandscapeLeft UIInterfaceOrientationLandscapeRight";
				LD_RUNPATH_SEARCH_PATHS = (
					"$(inherited)",
					"@executable_path/Frameworks",
				);
				MARKETING_VERSION = 1.0;
				PRODUCT_BUNDLE_IDENTIFIER = salad.BE;
				PRODUCT_NAME = "$(TARGET_NAME)";
				SWIFT_EMIT_LOC_STRINGS = YES;
				SWIFT_VERSION = 5.0;
				TARGETED_DEVICE_FAMILY = "1,2";
			};
			name = Release;
		};
		EDA659E72C84B62500EFFEDC /* Debug */ = {
			isa = XCBuildConfiguration;
			buildSettings = {
				ALWAYS_EMBED_SWIFT_STANDARD_LIBRARIES = YES;
				BUNDLE_LOADER = "$(TEST_HOST)";
				CODE_SIGN_STYLE = Automatic;
				CURRENT_PROJECT_VERSION = 1;
				GENERATE_INFOPLIST_FILE = YES;
				IPHONEOS_DEPLOYMENT_TARGET = 17.4;
				MARKETING_VERSION = 1.0;
				PRODUCT_BUNDLE_IDENTIFIER = salad.BETests;
				PRODUCT_NAME = "$(TARGET_NAME)";
				SWIFT_EMIT_LOC_STRINGS = NO;
				SWIFT_VERSION = 5.0;
				TARGETED_DEVICE_FAMILY = "1,2";
				TEST_HOST = "$(BUILT_PRODUCTS_DIR)/BE.app/$(BUNDLE_EXECUTABLE_FOLDER_PATH)/BE";
			};
			name = Debug;
		};
		EDA659E82C84B62500EFFEDC /* Release */ = {
			isa = XCBuildConfiguration;
			buildSettings = {
				ALWAYS_EMBED_SWIFT_STANDARD_LIBRARIES = YES;
				BUNDLE_LOADER = "$(TEST_HOST)";
				CODE_SIGN_STYLE = Automatic;
				CURRENT_PROJECT_VERSION = 1;
				GENERATE_INFOPLIST_FILE = YES;
				IPHONEOS_DEPLOYMENT_TARGET = 17.4;
				MARKETING_VERSION = 1.0;
				PRODUCT_BUNDLE_IDENTIFIER = salad.BETests;
				PRODUCT_NAME = "$(TARGET_NAME)";
				SWIFT_EMIT_LOC_STRINGS = NO;
				SWIFT_VERSION = 5.0;
				TARGETED_DEVICE_FAMILY = "1,2";
				TEST_HOST = "$(BUILT_PRODUCTS_DIR)/BE.app/$(BUNDLE_EXECUTABLE_FOLDER_PATH)/BE";
			};
			name = Release;
		};
		EDA659EA2C84B62500EFFEDC /* Debug */ = {
			isa = XCBuildConfiguration;
			buildSettings = {
				ALWAYS_EMBED_SWIFT_STANDARD_LIBRARIES = YES;
				CODE_SIGN_STYLE = Automatic;
				CURRENT_PROJECT_VERSION = 1;
				GENERATE_INFOPLIST_FILE = YES;
				MARKETING_VERSION = 1.0;
				PRODUCT_BUNDLE_IDENTIFIER = salad.BEUITests;
				PRODUCT_NAME = "$(TARGET_NAME)";
				SWIFT_EMIT_LOC_STRINGS = NO;
				SWIFT_VERSION = 5.0;
				TARGETED_DEVICE_FAMILY = "1,2";
				TEST_TARGET_NAME = BE;
			};
			name = Debug;
		};
		EDA659EB2C84B62500EFFEDC /* Release */ = {
			isa = XCBuildConfiguration;
			buildSettings = {
				ALWAYS_EMBED_SWIFT_STANDARD_LIBRARIES = YES;
				CODE_SIGN_STYLE = Automatic;
				CURRENT_PROJECT_VERSION = 1;
				GENERATE_INFOPLIST_FILE = YES;
				MARKETING_VERSION = 1.0;
				PRODUCT_BUNDLE_IDENTIFIER = salad.BEUITests;
				PRODUCT_NAME = "$(TARGET_NAME)";
				SWIFT_EMIT_LOC_STRINGS = NO;
				SWIFT_VERSION = 5.0;
				TARGETED_DEVICE_FAMILY = "1,2";
				TEST_TARGET_NAME = BE;
			};
			name = Release;
		};
/* End XCBuildConfiguration section */

/* Begin XCConfigurationList section */
		EDA659BA2C84B62400EFFEDC /* Build configuration list for PBXProject "BE" */ = {
			isa = XCConfigurationList;
			buildConfigurations = (
				EDA659E12C84B62500EFFEDC /* Debug */,
				EDA659E22C84B62500EFFEDC /* Release */,
			);
			defaultConfigurationIsVisible = 0;
			defaultConfigurationName = Release;
		};
		EDA659E32C84B62500EFFEDC /* Build configuration list for PBXNativeTarget "BE" */ = {
			isa = XCConfigurationList;
			buildConfigurations = (
				EDA659E42C84B62500EFFEDC /* Debug */,
				EDA659E52C84B62500EFFEDC /* Release */,
			);
			defaultConfigurationIsVisible = 0;
			defaultConfigurationName = Release;
		};
		EDA659E62C84B62500EFFEDC /* Build configuration list for PBXNativeTarget "BETests" */ = {
			isa = XCConfigurationList;
			buildConfigurations = (
				EDA659E72C84B62500EFFEDC /* Debug */,
				EDA659E82C84B62500EFFEDC /* Release */,
			);
			defaultConfigurationIsVisible = 0;
			defaultConfigurationName = Release;
		};
		EDA659E92C84B62500EFFEDC /* Build configuration list for PBXNativeTarget "BEUITests" */ = {
			isa = XCConfigurationList;
			buildConfigurations = (
				EDA659EA2C84B62500EFFEDC /* Debug */,
				EDA659EB2C84B62500EFFEDC /* Release */,
			);
			defaultConfigurationIsVisible = 0;
			defaultConfigurationName = Release;
		};
/* End XCConfigurationList section */
	};
	rootObject = EDA659B72C84B62400EFFEDC /* Project object */;
}
